{
  "name": "mailcow.js",
  "version": "1.0.0",
  "lockfileVersion": 2,
  "requires": true,
  "packages": {
    "": {
      "name": "mailcow.js",
      "version": "1.0.0",
      "license": "MIT",
      "dependencies": {
        "leeks.js": "^0.2.2",
        "leekslazylogger": "^3.0.2",
        "wumpfetch": "^0.3.1"
      },
      "devDependencies": {}
    },
    "node_modules/@eartharoid/deep-merge": {
      "version": "0.0.1",
      "resolved": "https://registry.npmjs.org/@eartharoid/deep-merge/-/deep-merge-0.0.1.tgz",
      "integrity": "sha512-nxv2DRXgyqjNcbgDMOB2SoGlzPvge+yjZEI6+Ez+Ei5j00kAT4tzMG/mxseFhTRgZIlPgcaJ03THInVQnNmwqA=="
    },
    "node_modules/@eartharoid/dtf": {
      "version": "1.0.8",
      "resolved": "https://registry.npmjs.org/@eartharoid/dtf/-/dtf-1.0.8.tgz",
      "integrity": "sha512-e3mR8JY6Uuy1Zj89iYEZfvK6s81GlWEPP4gO8NzfItzF4xFGFTVTwRjZ6sCVBmbhj3ouX2pyvx8O9snx4r5Xrg=="
    },
    "node_modules/leeks.js": {
      "version": "0.2.2",
      "resolved": "https://registry.npmjs.org/leeks.js/-/leeks.js-0.2.2.tgz",
      "integrity": "sha512-cXbDc4a0ft0pQwN2ubagjsT1xKBeW0CP6pPmbUo+KvKynFwaqtGaBjdtpwkBO5NdwSw2OcJ89BYe9mjeZEfzQQ=="
    },
    "node_modules/leekslazylogger": {
      "version": "3.0.2",
      "resolved": "https://registry.npmjs.org/leekslazylogger/-/leekslazylogger-3.0.2.tgz",
      "integrity": "sha512-eXgQuEgoSIbtwJRQXy/DHFp1255C4br+x6CtOnrBb5j3GwmeARPMutPur1cMB5YonKBZxFXnvZLqQhr69qKg5A==",
      "dependencies": {
        "@eartharoid/deep-merge": "^0.0.1",
        "@eartharoid/dtf": "^1.0.8",
        "leeks.js": "^0.2.2"
      },
      "funding": {
        "url": "https://github.com/eartharoid/leekslazylogger?sponsor=1"
      }
    },
    "node_modules/wumpfetch": {
      "version": "0.3.1",
      "resolved": "https://registry.npmjs.org/wumpfetch/-/wumpfetch-0.3.1.tgz",
      "integrity": "sha512-KbvB4asL0z/Uh1eavIXjhdo6rFudT5WtEudNfK3z9KGbvBE0JvGqRntRRjtKPOW1lEh85kcKzIOmRo8KHU5myQ=="
    }
  },
  "dependencies": {
    "@eartharoid/deep-merge": {
      "version": "0.0.1",
      "resolved": "https://registry.npmjs.org/@eartharoid/deep-merge/-/deep-merge-0.0.1.tgz",
      "integrity": "sha512-nxv2DRXgyqjNcbgDMOB2SoGlzPvge+yjZEI6+Ez+Ei5j00kAT4tzMG/mxseFhTRgZIlPgcaJ03THInVQnNmwqA=="
    },
    "@eartharoid/dtf": {
      "version": "1.0.8",
      "resolved": "https://registry.npmjs.org/@eartharoid/dtf/-/dtf-1.0.8.tgz",
      "integrity": "sha512-e3mR8JY6Uuy1Zj89iYEZfvK6s81GlWEPP4gO8NzfItzF4xFGFTVTwRjZ6sCVBmbhj3ouX2pyvx8O9snx4r5Xrg=="
    },
    "leeks.js": {
      "version": "0.2.2",
      "resolved": "https://registry.npmjs.org/leeks.js/-/leeks.js-0.2.2.tgz",
      "integrity": "sha512-cXbDc4a0ft0pQwN2ubagjsT1xKBeW0CP6pPmbUo+KvKynFwaqtGaBjdtpwkBO5NdwSw2OcJ89BYe9mjeZEfzQQ=="
    },
    "leekslazylogger": {
      "version": "3.0.2",
      "resolved": "https://registry.npmjs.org/leekslazylogger/-/leekslazylogger-3.0.2.tgz",
      "integrity": "sha512-eXgQuEgoSIbtwJRQXy/DHFp1255C4br+x6CtOnrBb5j3GwmeARPMutPur1cMB5YonKBZxFXnvZLqQhr69qKg5A==",
      "requires": {
        "@eartharoid/deep-merge": "^0.0.1",
        "@eartharoid/dtf": "^1.0.8",
        "leeks.js": "^0.2.2"
      }
    },
    "wumpfetch": {
      "version": "0.3.1",
      "resolved": "https://registry.npmjs.org/wumpfetch/-/wumpfetch-0.3.1.tgz",
      "integrity": "sha512-KbvB4asL0z/Uh1eavIXjhdo6rFudT5WtEudNfK3z9KGbvBE0JvGqRntRRjtKPOW1lEh85kcKzIOmRo8KHU5myQ=="
    }
  }
}
