{
  "name": "mailcow.js",
  "version": "1.0.0",
  "lockfileVersion": 2,
  "requires": true,
  "packages": {
    "": {
      "name": "mailcow.js",
      "version": "1.0.0",
      "license": "MIT",
      "dependencies": {
        "axios": "^0.21.1",
        "whois-checker-v2": "^1.0.3",
        "whoiser": "^1.13.0"
      }
    },
    "node_modules/axios": {
      "version": "0.21.1",
      "resolved": "https://registry.npmjs.org/axios/-/axios-0.21.1.tgz",
      "integrity": "sha512-dKQiRHxGD9PPRIUNIWvZhPTPpl1rf/OxTYKsqKUDjBwYylTvV7SjSHJb9ratfyzM6wCdLCOYLzs73qpg5c4iGA==",
      "dependencies": {
        "follow-redirects": "^1.10.0"
      }
    },
    "node_modules/follow-redirects": {
      "version": "1.14.1",
      "resolved": "https://registry.npmjs.org/follow-redirects/-/follow-redirects-1.14.1.tgz",
      "integrity": "sha512-HWqDgT7ZEkqRzBvc2s64vSZ/hfOceEol3ac/7tKwzuvEyWx3/4UegXh5oBOIotkGsObyk3xznnSRVADBgWSQVg==",
      "funding": [
        {
          "type": "individual",
          "url": "https://github.com/sponsors/RubenVerborgh"
        }
      ],
      "engines": {
        "node": ">=4.0"
      },
      "peerDependenciesMeta": {
        "debug": {
          "optional": true
        }
      }
    },
    "node_modules/html-entities": {
      "version": "1.4.0",
      "resolved": "https://registry.npmjs.org/html-entities/-/html-entities-1.4.0.tgz",
      "integrity": "sha512-8nxjcBcd8wovbeKx7h3wTji4e6+rhaVuPNpMqwWgnHh+N9ToqsCs6XztWRBPQ+UtzsoMAdKZtUENoVzU/EMtZA=="
    },
    "node_modules/ip": {
      "version": "1.1.5",
      "resolved": "https://registry.npmjs.org/ip/-/ip-1.1.5.tgz",
      "integrity": "sha1-vd7XARQpCCjAoDnnLvJfWq7ENUo="
    },
    "node_modules/minimist": {
      "version": "0.0.10",
      "resolved": "https://registry.npmjs.org/minimist/-/minimist-0.0.10.tgz",
      "integrity": "sha1-3j+YVD2/lggr5IrRoMfNqDYwHc8="
    },
    "node_modules/moment": {
      "version": "2.29.1",
      "resolved": "https://registry.npmjs.org/moment/-/moment-2.29.1.tgz",
      "integrity": "sha512-kHmoybcPV8Sqy59DwNDY3Jefr64lK/by/da0ViFcuA4DH0vQg5Q6Ze5VimxkfQNSC+Mls/Kx53s7TjP1RhFEDQ==",
      "engines": {
        "node": "*"
      }
    },
    "node_modules/optimist": {
      "version": "0.6.1",
      "resolved": "https://registry.npmjs.org/optimist/-/optimist-0.6.1.tgz",
      "integrity": "sha1-2j6nRob6IaGaERwybpDrFaAZZoY=",
      "dependencies": {
        "minimist": "~0.0.1",
        "wordwrap": "~0.0.2"
      }
    },
    "node_modules/punycode": {
      "version": "2.1.1",
      "resolved": "https://registry.npmjs.org/punycode/-/punycode-2.1.1.tgz",
      "integrity": "sha512-XRsRjdf+j5ml+y/6GKHPZbrF/8p2Yga0JPtdqTIY2Xe5ohJPD9saDJJLPvp9+NSBprVvevdXZybnj2cv8OEd0A==",
      "engines": {
        "node": ">=6"
      }
    },
    "node_modules/smart-buffer": {
      "version": "4.1.0",
      "resolved": "https://registry.npmjs.org/smart-buffer/-/smart-buffer-4.1.0.tgz",
      "integrity": "sha512-iVICrxOzCynf/SNaBQCw34eM9jROU/s5rzIhpOvzhzuYHfJR/DhZfDkXiZSgKXfgv26HT3Yni3AV/DGw0cGnnw==",
      "engines": {
        "node": ">= 6.0.0",
        "npm": ">= 3.0.0"
      }
    },
    "node_modules/socks": {
      "version": "2.6.1",
      "resolved": "https://registry.npmjs.org/socks/-/socks-2.6.1.tgz",
      "integrity": "sha512-kLQ9N5ucj8uIcxrDwjm0Jsqk06xdpBjGNQtpXy4Q8/QY2k+fY7nZH8CARy+hkbG+SGAovmzzuauCpBlb8FrnBA==",
      "dependencies": {
        "ip": "^1.1.5",
        "smart-buffer": "^4.1.0"
      },
      "engines": {
        "node": ">= 10.13.0",
        "npm": ">= 3.0.0"
      }
    },
    "node_modules/underscore": {
      "version": "1.13.1",
      "resolved": "https://registry.npmjs.org/underscore/-/underscore-1.13.1.tgz",
      "integrity": "sha512-hzSoAVtJF+3ZtiFX0VgfFPHEDRm7Y/QPjGyNo4TVdnDTdft3tr8hEkD25a1jC+TjTuE7tkHGKkhwCgs9dgBB2g=="
    },
    "node_modules/whois-checker-v2": {
      "version": "1.0.3",
      "resolved": "https://registry.npmjs.org/whois-checker-v2/-/whois-checker-v2-1.0.3.tgz",
      "integrity": "sha512-31Wr6fy0MJobdsNpr7uf1vzN7452xPNiNHqtBeEZPSzVPGLU90XcRlU5ia3QtnqYcahZ0aHXyznAH8FnaRvhDA==",
      "dependencies": {
        "html-entities": "^1.2.1",
        "moment": "^2.22.2",
        "whois-raw": "^0.1.7",
        "whois-raw-custom": "^0.1.7"
      }
    },
    "node_modules/whois-raw": {
      "version": "0.1.7",
      "resolved": "https://registry.npmjs.org/whois-raw/-/whois-raw-0.1.7.tgz",
      "integrity": "sha512-1Npnu7IacnTdiUEAkLHVh5uw2WeU2m82gFfEzfSXdRRxffsUmZQea9AJRlWumCAYEvMuy84CYwz/k5iZmhZbow==",
      "dependencies": {
        "optimist": "^0.6.1",
        "socks": "^2.2.2",
        "underscore": "^1.9.1"
      },
      "engines": {
        "node": ">=4.2.4"
      }
    },
    "node_modules/whois-raw-custom": {
      "version": "0.1.7",
      "resolved": "https://registry.npmjs.org/whois-raw-custom/-/whois-raw-custom-0.1.7.tgz",
      "integrity": "sha512-dt4Mj/BpusTKvnqJYsQMupRNQszHcRSzxUyXMU/X8reS3Cqk+CY4k58CqIjFT6RFcPAKrqDep1aIifq50KirZg==",
      "dependencies": {
        "optimist": "^0.6.1",
        "socks": "^2.2.2",
        "underscore": "^1.9.1"
      },
      "engines": {
        "node": ">=4.2.4"
      }
    },
    "node_modules/whoiser": {
      "version": "1.13.0",
      "resolved": "https://registry.npmjs.org/whoiser/-/whoiser-1.13.0.tgz",
      "integrity": "sha512-WJajZzKlO8mz2HRUIyKAeNxR7G6JZDfRYTJfLxj4OwZ2SMSPMNkCZa8q7TWiW/bCRczajHL3rA/ysv22ozxU9Q==",
      "dependencies": {
        "punycode": "^2.1.1"
      }
    },
    "node_modules/wordwrap": {
      "version": "0.0.3",
      "resolved": "https://registry.npmjs.org/wordwrap/-/wordwrap-0.0.3.tgz",
      "integrity": "sha1-o9XabNXAvAAI03I0u68b7WMFkQc=",
      "engines": {
        "node": ">=0.4.0"
      }
    }
  },
  "dependencies": {
    "axios": {
      "version": "0.21.1",
      "resolved": "https://registry.npmjs.org/axios/-/axios-0.21.1.tgz",
      "integrity": "sha512-dKQiRHxGD9PPRIUNIWvZhPTPpl1rf/OxTYKsqKUDjBwYylTvV7SjSHJb9ratfyzM6wCdLCOYLzs73qpg5c4iGA==",
      "requires": {
        "follow-redirects": "^1.10.0"
      }
    },
    "follow-redirects": {
      "version": "1.14.1",
      "resolved": "https://registry.npmjs.org/follow-redirects/-/follow-redirects-1.14.1.tgz",
      "integrity": "sha512-HWqDgT7ZEkqRzBvc2s64vSZ/hfOceEol3ac/7tKwzuvEyWx3/4UegXh5oBOIotkGsObyk3xznnSRVADBgWSQVg=="
    },
    "html-entities": {
      "version": "1.4.0",
      "resolved": "https://registry.npmjs.org/html-entities/-/html-entities-1.4.0.tgz",
      "integrity": "sha512-8nxjcBcd8wovbeKx7h3wTji4e6+rhaVuPNpMqwWgnHh+N9ToqsCs6XztWRBPQ+UtzsoMAdKZtUENoVzU/EMtZA=="
    },
    "ip": {
      "version": "1.1.5",
      "resolved": "https://registry.npmjs.org/ip/-/ip-1.1.5.tgz",
      "integrity": "sha1-vd7XARQpCCjAoDnnLvJfWq7ENUo="
    },
    "minimist": {
      "version": "0.0.10",
      "resolved": "https://registry.npmjs.org/minimist/-/minimist-0.0.10.tgz",
      "integrity": "sha1-3j+YVD2/lggr5IrRoMfNqDYwHc8="
    },
    "moment": {
      "version": "2.29.1",
      "resolved": "https://registry.npmjs.org/moment/-/moment-2.29.1.tgz",
      "integrity": "sha512-kHmoybcPV8Sqy59DwNDY3Jefr64lK/by/da0ViFcuA4DH0vQg5Q6Ze5VimxkfQNSC+Mls/Kx53s7TjP1RhFEDQ=="
    },
    "optimist": {
      "version": "0.6.1",
      "resolved": "https://registry.npmjs.org/optimist/-/optimist-0.6.1.tgz",
      "integrity": "sha1-2j6nRob6IaGaERwybpDrFaAZZoY=",
      "requires": {
        "minimist": "~0.0.1",
        "wordwrap": "~0.0.2"
      }
    },
    "punycode": {
      "version": "2.1.1",
      "resolved": "https://registry.npmjs.org/punycode/-/punycode-2.1.1.tgz",
      "integrity": "sha512-XRsRjdf+j5ml+y/6GKHPZbrF/8p2Yga0JPtdqTIY2Xe5ohJPD9saDJJLPvp9+NSBprVvevdXZybnj2cv8OEd0A=="
    },
    "smart-buffer": {
      "version": "4.1.0",
      "resolved": "https://registry.npmjs.org/smart-buffer/-/smart-buffer-4.1.0.tgz",
      "integrity": "sha512-iVICrxOzCynf/SNaBQCw34eM9jROU/s5rzIhpOvzhzuYHfJR/DhZfDkXiZSgKXfgv26HT3Yni3AV/DGw0cGnnw=="
    },
    "socks": {
      "version": "2.6.1",
      "resolved": "https://registry.npmjs.org/socks/-/socks-2.6.1.tgz",
      "integrity": "sha512-kLQ9N5ucj8uIcxrDwjm0Jsqk06xdpBjGNQtpXy4Q8/QY2k+fY7nZH8CARy+hkbG+SGAovmzzuauCpBlb8FrnBA==",
      "requires": {
        "ip": "^1.1.5",
        "smart-buffer": "^4.1.0"
      }
    },
    "underscore": {
      "version": "1.13.1",
      "resolved": "https://registry.npmjs.org/underscore/-/underscore-1.13.1.tgz",
      "integrity": "sha512-hzSoAVtJF+3ZtiFX0VgfFPHEDRm7Y/QPjGyNo4TVdnDTdft3tr8hEkD25a1jC+TjTuE7tkHGKkhwCgs9dgBB2g=="
    },
    "whois-checker-v2": {
      "version": "1.0.3",
      "resolved": "https://registry.npmjs.org/whois-checker-v2/-/whois-checker-v2-1.0.3.tgz",
      "integrity": "sha512-31Wr6fy0MJobdsNpr7uf1vzN7452xPNiNHqtBeEZPSzVPGLU90XcRlU5ia3QtnqYcahZ0aHXyznAH8FnaRvhDA==",
      "requires": {
        "html-entities": "^1.2.1",
        "moment": "^2.22.2",
        "whois-raw": "^0.1.7",
        "whois-raw-custom": "^0.1.7"
      }
    },
    "whois-raw": {
      "version": "0.1.7",
      "resolved": "https://registry.npmjs.org/whois-raw/-/whois-raw-0.1.7.tgz",
      "integrity": "sha512-1Npnu7IacnTdiUEAkLHVh5uw2WeU2m82gFfEzfSXdRRxffsUmZQea9AJRlWumCAYEvMuy84CYwz/k5iZmhZbow==",
      "requires": {
        "optimist": "^0.6.1",
        "socks": "^2.2.2",
        "underscore": "^1.9.1"
      }
    },
    "whois-raw-custom": {
      "version": "0.1.7",
      "resolved": "https://registry.npmjs.org/whois-raw-custom/-/whois-raw-custom-0.1.7.tgz",
      "integrity": "sha512-dt4Mj/BpusTKvnqJYsQMupRNQszHcRSzxUyXMU/X8reS3Cqk+CY4k58CqIjFT6RFcPAKrqDep1aIifq50KirZg==",
      "requires": {
        "optimist": "^0.6.1",
        "socks": "^2.2.2",
        "underscore": "^1.9.1"
      }
    },
    "whoiser": {
      "version": "1.13.0",
      "resolved": "https://registry.npmjs.org/whoiser/-/whoiser-1.13.0.tgz",
      "integrity": "sha512-WJajZzKlO8mz2HRUIyKAeNxR7G6JZDfRYTJfLxj4OwZ2SMSPMNkCZa8q7TWiW/bCRczajHL3rA/ysv22ozxU9Q==",
      "requires": {
        "punycode": "^2.1.1"
      }
    },
    "wordwrap": {
      "version": "0.0.3",
      "resolved": "https://registry.npmjs.org/wordwrap/-/wordwrap-0.0.3.tgz",
      "integrity": "sha1-o9XabNXAvAAI03I0u68b7WMFkQc="
    }
  }
}
